// !$*UTF8*$!
{
	archiveVersion = 1;
	classes = {
	};
	objectVersion = 46;
	objects = {

/* Begin PBXBuildFile section */
		9B1453751EEB6C160083C8A1 /* AppDelegate.swift in Sources */ = {isa = PBXBuildFile; fileRef = 9B1453741EEB6C160083C8A1 /* AppDelegate.swift */; };
		9B1453771EEB6C160083C8A1 /* ViewController.swift in Sources */ = {isa = PBXBuildFile; fileRef = 9B1453761EEB6C160083C8A1 /* ViewController.swift */; };
		9B14537A1EEB6C160083C8A1 /* Main.storyboard in Resources */ = {isa = PBXBuildFile; fileRef = 9B1453781EEB6C160083C8A1 /* Main.storyboard */; };
		9B14537C1EEB6C160083C8A1 /* Assets.xcassets in Resources */ = {isa = PBXBuildFile; fileRef = 9B14537B1EEB6C160083C8A1 /* Assets.xcassets */; };
		9B14537F1EEB6C160083C8A1 /* LaunchScreen.storyboard in Resources */ = {isa = PBXBuildFile; fileRef = 9B14537D1EEB6C160083C8A1 /* LaunchScreen.storyboard */; };
		9B14538A1EEB6C160083C8A1 /* PokeGO_Tests.swift in Sources */ = {isa = PBXBuildFile; fileRef = 9B1453891EEB6C160083C8A1 /* PokeGO_Tests.swift */; };
/* End PBXBuildFile section */

/* Begin PBXContainerItemProxy section */
		9B1453861EEB6C160083C8A1 /* PBXContainerItemProxy */ = {
			isa = PBXContainerItemProxy;
			containerPortal = 9B1453691EEB6C160083C8A1 /* Project object */;
			proxyType = 1;
			remoteGlobalIDString = 9B1453701EEB6C160083C8A1;
			remoteInfo = "PokeGÔ";
		};
/* End PBXContainerItemProxy section */

/* Begin PBXFileReference section */
		9B1453711EEB6C160083C8A1 /* PokeGÔ.app */ = {isa = PBXFileReference; explicitFileType = wrapper.application; includeInIndex = 0; path = "PokeGÔ.app"; sourceTree = BUILT_PRODUCTS_DIR; };
		9B1453741EEB6C160083C8A1 /* AppDelegate.swift */ = {isa = PBXFileReference; lastKnownFileType = sourcecode.swift; path = AppDelegate.swift; sourceTree = "<group>"; };
		9B1453761EEB6C160083C8A1 /* ViewController.swift */ = {isa = PBXFileReference; lastKnownFileType = sourcecode.swift; path = ViewController.swift; sourceTree = "<group>"; };
		9B1453791EEB6C160083C8A1 /* Base */ = {isa = PBXFileReference; lastKnownFileType = file.storyboard; name = Base; path = Base.lproj/Main.storyboard; sourceTree = "<group>"; };
		9B14537B1EEB6C160083C8A1 /* Assets.xcassets */ = {isa = PBXFileReference; lastKnownFileType = folder.assetcatalog; path = Assets.xcassets; sourceTree = "<group>"; };
		9B14537E1EEB6C160083C8A1 /* Base */ = {isa = PBXFileReference; lastKnownFileType = file.storyboard; name = Base; path = Base.lproj/LaunchScreen.storyboard; sourceTree = "<group>"; };
		9B1453801EEB6C160083C8A1 /* Info.plist */ = {isa = PBXFileReference; lastKnownFileType = text.plist.xml; path = Info.plist; sourceTree = "<group>"; };
		9B1453851EEB6C160083C8A1 /* PokeGÔTests.xctest */ = {isa = PBXFileReference; explicitFileType = wrapper.cfbundle; includeInIndex = 0; path = "PokeGÔTests.xctest"; sourceTree = BUILT_PRODUCTS_DIR; };
		9B1453891EEB6C160083C8A1 /* PokeGO_Tests.swift */ = {isa = PBXFileReference; lastKnownFileType = sourcecode.swift; path = PokeGO_Tests.swift; sourceTree = "<group>"; };
		9B14538B1EEB6C160083C8A1 /* Info.plist */ = {isa = PBXFileReference; lastKnownFileType = text.plist.xml; path = Info.plist; sourceTree = "<group>"; };
/* End PBXFileReference section */

/* Begin PBXFrameworksBuildPhase section */
		9B14536E1EEB6C160083C8A1 /* Frameworks */ = {
			isa = PBXFrameworksBuildPhase;
			buildActionMask = 2147483647;
			files = (
			);
			runOnlyForDeploymentPostprocessing = 0;
		};
		9B1453821EEB6C160083C8A1 /* Frameworks */ = {
			isa = PBXFrameworksBuildPhase;
			buildActionMask = 2147483647;
			files = (
			);
			runOnlyForDeploymentPostprocessing = 0;
		};
/* End PBXFrameworksBuildPhase section */

/* Begin PBXGroup section */
		9B1453681EEB6C160083C8A1 = {
			isa = PBXGroup;
			children = (
				9B1453731EEB6C160083C8A1 /* PokeGÔ */,
				9B1453881EEB6C160083C8A1 /* PokeGÔTests */,
				9B1453721EEB6C160083C8A1 /* Products */,
			);
			sourceTree = "<group>";
		};
		9B1453721EEB6C160083C8A1 /* Products */ = {
			isa = PBXGroup;
			children = (
				9B1453711EEB6C160083C8A1 /* PokeGÔ.app */,
				9B1453851EEB6C160083C8A1 /* PokeGÔTests.xctest */,
			);
			name = Products;
			sourceTree = "<group>";
		};
		9B1453731EEB6C160083C8A1 /* PokeGÔ */ = {
			isa = PBXGroup;
			children = (
				9B1453741EEB6C160083C8A1 /* AppDelegate.swift */,
				9B1453761EEB6C160083C8A1 /* ViewController.swift */,
				9B1453781EEB6C160083C8A1 /* Main.storyboard */,
				9B14537B1EEB6C160083C8A1 /* Assets.xcassets */,
				9B14537D1EEB6C160083C8A1 /* LaunchScreen.storyboard */,
				9B1453801EEB6C160083C8A1 /* Info.plist */,
			);
			path = "PokeGÔ";
			sourceTree = "<group>";
		};
		9B1453881EEB6C160083C8A1 /* PokeGÔTests */ = {
			isa = PBXGroup;
			children = (
				9B1453891EEB6C160083C8A1 /* PokeGO_Tests.swift */,
				9B14538B1EEB6C160083C8A1 /* Info.plist */,
			);
			path = "PokeGÔTests";
			sourceTree = "<group>";
		};
/* End PBXGroup section */

/* Begin PBXNativeTarget section */
		9B1453701EEB6C160083C8A1 /* PokeGÔ */ = {
			isa = PBXNativeTarget;
			buildConfigurationList = 9B14538E1EEB6C160083C8A1 /* Build configuration list for PBXNativeTarget "PokeGÔ" */;
			buildPhases = (
				9B14536D1EEB6C160083C8A1 /* Sources */,
				9B14536E1EEB6C160083C8A1 /* Frameworks */,
				9B14536F1EEB6C160083C8A1 /* Resources */,
			);
			buildRules = (
			);
			dependencies = (
			);
			name = "PokeGÔ";
			productName = "PokeGÔ";
			productReference = 9B1453711EEB6C160083C8A1 /* PokeGÔ.app */;
			productType = "com.apple.product-type.application";
		};
		9B1453841EEB6C160083C8A1 /* PokeGÔTests */ = {
			isa = PBXNativeTarget;
			buildConfigurationList = 9B1453911EEB6C160083C8A1 /* Build configuration list for PBXNativeTarget "PokeGÔTests" */;
			buildPhases = (
				9B1453811EEB6C160083C8A1 /* Sources */,
				9B1453821EEB6C160083C8A1 /* Frameworks */,
				9B1453831EEB6C160083C8A1 /* Resources */,
			);
			buildRules = (
			);
			dependencies = (
				9B1453871EEB6C160083C8A1 /* PBXTargetDependency */,
			);
			name = "PokeGÔTests";
			productName = "PokeGÔTests";
			productReference = 9B1453851EEB6C160083C8A1 /* PokeGÔTests.xctest */;
			productType = "com.apple.product-type.bundle.unit-test";
		};
/* End PBXNativeTarget section */

/* Begin PBXProject section */
		9B1453691EEB6C160083C8A1 /* Project object */ = {
			isa = PBXProject;
			attributes = {
				LastSwiftUpdateCheck = 0830;
				LastUpgradeCheck = 0830;
				ORGANIZATIONNAME = Madhusudhan;
				TargetAttributes = {
					9B1453701EEB6C160083C8A1 = {
						CreatedOnToolsVersion = 8.3.2;
						DevelopmentTeam = LXKYY3Z6TA;
						ProvisioningStyle = Automatic;
					};
					9B1453841EEB6C160083C8A1 = {
						CreatedOnToolsVersion = 8.3.2;
						DevelopmentTeam = LXKYY3Z6TA;
						ProvisioningStyle = Automatic;
						TestTargetID = 9B1453701EEB6C160083C8A1;
					};
				};
			};
			buildConfigurationList = 9B14536C1EEB6C160083C8A1 /* Build configuration list for PBXProject "PokeGÔ" */;
			compatibilityVersion = "Xcode 3.2";
			developmentRegion = English;
			hasScannedForEncodings = 0;
			knownRegions = (
				en,
				Base,
			);
			mainGroup = 9B1453681EEB6C160083C8A1;
			productRefGroup = 9B1453721EEB6C160083C8A1 /* Products */;
			projectDirPath = "";
			projectRoot = "";
			targets = (
				9B1453701EEB6C160083C8A1 /* PokeGÔ */,
				9B1453841EEB6C160083C8A1 /* PokeGÔTests */,
			);
		};
/* End PBXProject section */

/* Begin PBXResourcesBuildPhase section */
		9B14536F1EEB6C160083C8A1 /* Resources */ = {
			isa = PBXResourcesBuildPhase;
			buildActionMask = 2147483647;
			files = (
				9B14537F1EEB6C160083C8A1 /* LaunchScreen.storyboard in Resources */,
				9B14537C1EEB6C160083C8A1 /* Assets.xcassets in Resources */,
				9B14537A1EEB6C160083C8A1 /* Main.storyboard in Resources */,
			);
			runOnlyForDeploymentPostprocessing = 0;
		};
		9B1453831EEB6C160083C8A1 /* Resources */ = {
			isa = PBXResourcesBuildPhase;
			buildActionMask = 2147483647;
			files = (
			);
			runOnlyForDeploymentPostprocessing = 0;
		};
/* End PBXResourcesBuildPhase section */

/* Begin PBXSourcesBuildPhase section */
		9B14536D1EEB6C160083C8A1 /* Sources */ = {
			isa = PBXSourcesBuildPhase;
			buildActionMask = 2147483647;
			files = (
				9B1453771EEB6C160083C8A1 /* ViewController.swift in Sources */,
				9B1453751EEB6C160083C8A1 /* AppDelegate.swift in Sources */,
			);
			runOnlyForDeploymentPostprocessing = 0;
		};
		9B1453811EEB6C160083C8A1 /* Sources */ = {
			isa = PBXSourcesBuildPhase;
			buildActionMask = 2147483647;
			files = (
				9B14538A1EEB6C160083C8A1 /* PokeGO_Tests.swift in Sources */,
			);
			runOnlyForDeploymentPostprocessing = 0;
		};
/* End PBXSourcesBuildPhase section */

/* Begin PBXTargetDependency section */
		9B1453871EEB6C160083C8A1 /* PBXTargetDependency */ = {
			isa = PBXTargetDependency;
			target = 9B1453701EEB6C160083C8A1 /* PokeGÔ */;
			targetProxy = 9B1453861EEB6C160083C8A1 /* PBXContainerItemProxy */;
		};
/* End PBXTargetDependency section */

/* Begin PBXVariantGroup section */
		9B1453781EEB6C160083C8A1 /* Main.storyboard */ = {
			isa = PBXVariantGroup;
			children = (
				9B1453791EEB6C160083C8A1 /* Base */,
			);
			name = Main.storyboard;
			sourceTree = "<group>";
		};
		9B14537D1EEB6C160083C8A1 /* LaunchScreen.storyboard */ = {
			isa = PBXVariantGroup;
			children = (
				9B14537E1EEB6C160083C8A1 /* Base */,
			);
			name = LaunchScreen.storyboard;
			sourceTree = "<group>";
		};
/* End PBXVariantGroup section */

/* Begin XCBuildConfiguration section */
		9B14538C1EEB6C160083C8A1 /* Debug */ = {
			isa = XCBuildConfiguration;
			buildSettings = {
				ALWAYS_SEARCH_USER_PATHS = NO;
				CLANG_ANALYZER_NONNULL = YES;
				CLANG_ANALYZER_NUMBER_OBJECT_CONVERSION = YES_AGGRESSIVE;
				CLANG_CXX_LANGUAGE_STANDARD = "gnu++0x";
				CLANG_CXX_LIBRARY = "libc++";
				CLANG_ENABLE_MODULES = YES;
				CLANG_ENABLE_OBJC_ARC = YES;
				CLANG_WARN_BOOL_CONVERSION = YES;
				CLANG_WARN_CONSTANT_CONVERSION = YES;
				CLANG_WARN_DIRECT_OBJC_ISA_USAGE = YES_ERROR;
				CLANG_WARN_DOCUMENTATION_COMMENTS = YES;
				CLANG_WARN_EMPTY_BODY = YES;
				CLANG_WARN_ENUM_CONVERSION = YES;
				CLANG_WARN_INFINITE_RECURSION = YES;
				CLANG_WARN_INT_CONVERSION = YES;
				CLANG_WARN_OBJC_ROOT_CLASS = YES_ERROR;
				CLANG_WARN_SUSPICIOUS_MOVE = YES;
				CLANG_WARN_UNREACHABLE_CODE = YES;
				CLANG_WARN__DUPLICATE_METHOD_MATCH = YES;
				"CODE_SIGN_IDENTITY[sdk=iphoneos*]" = "iPhone Developer";
				COPY_PHASE_STRIP = NO;
				DEBUG_INFORMATION_FORMAT = dwarf;
				ENABLE_STRICT_OBJC_MSGSEND = YES;
				ENABLE_TESTABILITY = YES;
				GCC_C_LANGUAGE_STANDARD = gnu99;
				GCC_DYNAMIC_NO_PIC = NO;
				GCC_NO_COMMON_BLOCKS = YES;
				GCC_OPTIMIZATION_LEVEL = 0;
				GCC_PREPROCESSOR_DEFINITIONS = (
					"DEBUG=1",
					"$(inherited)",
				);
				GCC_WARN_64_TO_32_BIT_CONVERSION = YES;
				GCC_WARN_ABOUT_RETURN_TYPE = YES_ERROR;
				GCC_WARN_UNDECLARED_SELECTOR = YES;
				GCC_WARN_UNINITIALIZED_AUTOS = YES_AGGRESSIVE;
				GCC_WARN_UNUSED_FUNCTION = YES;
				GCC_WARN_UNUSED_VARIABLE = YES;
				IPHONEOS_DEPLOYMENT_TARGET = 10.3;
				MTL_ENABLE_DEBUG_INFO = YES;
				ONLY_ACTIVE_ARCH = YES;
				SDKROOT = iphoneos;
				SWIFT_ACTIVE_COMPILATION_CONDITIONS = DEBUG;
				SWIFT_OPTIMIZATION_LEVEL = "-Onone";
				TARGETED_DEVICE_FAMILY = "1,2";
			};
			name = Debug;
		};
		9B14538D1EEB6C160083C8A1 /* Release */ = {
			isa = XCBuildConfiguration;
			buildSettings = {
				ALWAYS_SEARCH_USER_PATHS = NO;
				CLANG_ANALYZER_NONNULL = YES;
				CLANG_ANALYZER_NUMBER_OBJECT_CONVERSION = YES_AGGRESSIVE;
				CLANG_CXX_LANGUAGE_STANDARD = "gnu++0x";
				CLANG_CXX_LIBRARY = "libc++";
				CLANG_ENABLE_MODULES = YES;
				CLANG_ENABLE_OBJC_ARC = YES;
				CLANG_WARN_BOOL_CONVERSION = YES;
				CLANG_WARN_CONSTANT_CONVERSION = YES;
				CLANG_WARN_DIRECT_OBJC_ISA_USAGE = YES_ERROR;
				CLANG_WARN_DOCUMENTATION_COMMENTS = YES;
				CLANG_WARN_EMPTY_BODY = YES;
				CLANG_WARN_ENUM_CONVERSION = YES;
				CLANG_WARN_INFINITE_RECURSION = YES;
				CLANG_WARN_INT_CONVERSION = YES;
				CLANG_WARN_OBJC_ROOT_CLASS = YES_ERROR;
				CLANG_WARN_SUSPICIOUS_MOVE = YES;
				CLANG_WARN_UNREACHABLE_CODE = YES;
				CLANG_WARN__DUPLICATE_METHOD_MATCH = YES;
				"CODE_SIGN_IDENTITY[sdk=iphoneos*]" = "iPhone Developer";
				COPY_PHASE_STRIP = NO;
				DEBUG_INFORMATION_FORMAT = "dwarf-with-dsym";
				ENABLE_NS_ASSERTIONS = NO;
				ENABLE_STRICT_OBJC_MSGSEND = YES;
				GCC_C_LANGUAGE_STANDARD = gnu99;
				GCC_NO_COMMON_BLOCKS = YES;
				GCC_WARN_64_TO_32_BIT_CONVERSION = YES;
				GCC_WARN_ABOUT_RETURN_TYPE = YES_ERROR;
				GCC_WARN_UNDECLARED_SELECTOR = YES;
				GCC_WARN_UNINITIALIZED_AUTOS = YES_AGGRESSIVE;
				GCC_WARN_UNUSED_FUNCTION = YES;
				GCC_WARN_UNUSED_VARIABLE = YES;
				IPHONEOS_DEPLOYMENT_TARGET = 10.3;
				MTL_ENABLE_DEBUG_INFO = NO;
				SDKROOT = iphoneos;
				SWIFT_OPTIMIZATION_LEVEL = "-Owholemodule";
				TARGETED_DEVICE_FAMILY = "1,2";
				VALIDATE_PRODUCT = YES;
			};
			name = Release;
		};
		9B14538F1EEB6C160083C8A1 /* Debug */ = {
			isa = XCBuildConfiguration;
			buildSettings = {
				ASSETCATALOG_COMPILER_APPICON_NAME = AppIcon;
				DEVELOPMENT_TEAM = LXKYY3Z6TA;
				INFOPLIST_FILE = "PokeGÔ/Info.plist";
				LD_RUNPATH_SEARCH_PATHS = "$(inherited) @executable_path/Frameworks";
				PRODUCT_BUNDLE_IDENTIFIER = "com.madhusudhanbr.PokeGO-";
				PRODUCT_NAME = "$(TARGET_NAME)";
				SWIFT_VERSION = 3.0;
			};
			name = Debug;
		};
		9B1453901EEB6C160083C8A1 /* Release */ = {
			isa = XCBuildConfiguration;
			buildSettings = {
				ASSETCATALOG_COMPILER_APPICON_NAME = AppIcon;
				DEVELOPMENT_TEAM = LXKYY3Z6TA;
				INFOPLIST_FILE = "PokeGÔ/Info.plist";
				LD_RUNPATH_SEARCH_PATHS = "$(inherited) @executable_path/Frameworks";
				PRODUCT_BUNDLE_IDENTIFIER = "com.madhusudhanbr.PokeGO-";
				PRODUCT_NAME = "$(TARGET_NAME)";
				SWIFT_VERSION = 3.0;
			};
			name = Release;
		};
		9B1453921EEB6C160083C8A1 /* Debug */ = {
			isa = XCBuildConfiguration;
			buildSettings = {
				ALWAYS_EMBED_SWIFT_STANDARD_LIBRARIES = YES;
				BUNDLE_LOADER = "$(TEST_HOST)";
				DEVELOPMENT_TEAM = LXKYY3Z6TA;
				INFOPLIST_FILE = "PokeGÔTests/Info.plist";
				LD_RUNPATH_SEARCH_PATHS = "$(inherited) @executable_path/Frameworks @loader_path/Frameworks";
				PRODUCT_BUNDLE_IDENTIFIER = "com.madhusudhanbr.PokeGO-Tests";
				PRODUCT_NAME = "$(TARGET_NAME)";
				SWIFT_VERSION = 3.0;
				TEST_HOST = "$(BUILT_PRODUCTS_DIR)/PokeGÔ.app/PokeGÔ";
			};
			name = Debug;
		};
		9B1453931EEB6C160083C8A1 /* Release */ = {
			isa = XCBuildConfiguration;
			buildSettings = {
				ALWAYS_EMBED_SWIFT_STANDARD_LIBRARIES = YES;
				BUNDLE_LOADER = "$(TEST_HOST)";
				DEVELOPMENT_TEAM = LXKYY3Z6TA;
				INFOPLIST_FILE = "PokeGÔTests/Info.plist";
				LD_RUNPATH_SEARCH_PATHS = "$(inherited) @executable_path/Frameworks @loader_path/Frameworks";
				PRODUCT_BUNDLE_IDENTIFIER = "com.madhusudhanbr.PokeGO-Tests";
				PRODUCT_NAME = "$(TARGET_NAME)";
				SWIFT_VERSION = 3.0;
				TEST_HOST = "$(BUILT_PRODUCTS_DIR)/PokeGÔ.app/PokeGÔ";
			};
			name = Release;
		};
/* End XCBuildConfiguration section */

/* Begin XCConfigurationList section */
		9B14536C1EEB6C160083C8A1 /* Build configuration list for PBXProject "PokeGÔ" */ = {
			isa = XCConfigurationList;
			buildConfigurations = (
				9B14538C1EEB6C160083C8A1 /* Debug */,
				9B14538D1EEB6C160083C8A1 /* Release */,
			);
			defaultConfigurationIsVisible = 0;
			defaultConfigurationName = Release;
		};
		9B14538E1EEB6C160083C8A1 /* Build configuration list for PBXNativeTarget "PokeGÔ" */ = {
			isa = XCConfigurationList;
			buildConfigurations = (
				9B14538F1EEB6C160083C8A1 /* Debug */,
				9B1453901EEB6C160083C8A1 /* Release */,
			);
			defaultConfigurationIsVisible = 0;
		};
		9B1453911EEB6C160083C8A1 /* Build configuration list for PBXNativeTarget "PokeGÔTests" */ = {
			isa = XCConfigurationList;
			buildConfigurations = (
				9B1453921EEB6C160083C8A1 /* Debug */,
				9B1453931EEB6C160083C8A1 /* Release */,
			);
			defaultConfigurationIsVisible = 0;
		};
/* End XCConfigurationList section */
	};
	rootObject = 9B1453691EEB6C160083C8A1 /* Project object */;
}
